
Microsoft Visual Studio Solution File, Format Version 12.00
# Visual Studio Version 16
VisualStudioVersion = 16.0.30309.148
MinimumVisualStudioVersion = 10.0.40219.1
Project("{FAE04EC0-301F-11D3-BF4B-00C04F79EFBC}") = "HTTP", "HTTP\HTTP.csproj", "{A5E274C7-2F12-459F-8538-E21528BB5742}"
EndProject
Global
	GlobalSection(SolutionConfigurationPlatforms) = preSolution
		Debug|Any CPU = Debug|Any CPU
		Release|Any CPU = Release|Any CPU
	EndGlobalSection
	GlobalSection(ProjectConfigurationPlatforms) = postSolution
		{A5E274C7-2F12-459F-8538-E21528BB5742}.Debug|Any CPU.ActiveCfg = Debug|Any CPU
		{A5E274C7-2F12-459F-8538-E21528BB5742}.Debug|Any CPU.Build.0 = Debug|Any CPU
		{A5E274C7-2F12-459F-8538-E21528BB5742}.Release|Any CPU.ActiveCfg = Release|Any CPU
		{A5E274C7-2F12-459F-8538-E21528BB5742}.Release|Any CPU.Build.0 = Release|Any CPU
	EndGlobalSection
	GlobalSection(SolutionProperties) = preSolution
		HideSolutionNode = FALSE
	EndGlobalSection
	GlobalSection(ExtensibilityGlobals) = postSolution
		SolutionGuid = {CBED0C5C-C9F4-4AFD-A29D-DE8EA1ABF29F}
	EndGlobalSection
EndGlobal
